// !$*UTF8*$!
{
	archiveVersion = 1;
	classes = {
	};
	objectVersion = 55;
	objects = {

/* Begin PBXBuildFile section */
		0913FEA228311BFB00426BB2 /* MapKit.framework in Frameworks */ = {isa = PBXBuildFile; fileRef = 0913FEA128311BFB00426BB2 /* MapKit.framework */; };
		0915B331286CAE770053D559 /* AppConstants.swift in Sources */ = {isa = PBXBuildFile; fileRef = 0915B330286CAE770053D559 /* AppConstants.swift */; };
		093542B0285E6F4E0023F5BD /* Button.swift in Sources */ = {isa = PBXBuildFile; fileRef = 093542AF285E6F4E0023F5BD /* Button.swift */; };
		093542B2285E72060023F5BD /* UIStackView+.swift in Sources */ = {isa = PBXBuildFile; fileRef = 093542B1285E72060023F5BD /* UIStackView+.swift */; };
		094C9C242867052C002A28DA /* User.swift in Sources */ = {isa = PBXBuildFile; fileRef = 094C9C232867052C002A28DA /* User.swift */; };
		094C9C2628670D3A002A28DA /* RegistrationViewController.swift in Sources */ = {isa = PBXBuildFile; fileRef = 094C9C2528670D3A002A28DA /* RegistrationViewController.swift */; };
		094C9C2928670D4C002A28DA /* RegistrationViewModel.swift in Sources */ = {isa = PBXBuildFile; fileRef = 094C9C2828670D4C002A28DA /* RegistrationViewModel.swift */; };
		0963ED1E285F68DF00B53E78 /* UIVIewController+.swift in Sources */ = {isa = PBXBuildFile; fileRef = 0963ED1D285F68DE00B53E78 /* UIVIewController+.swift */; };
		0976B1BC2862545300420B42 /* LoginViewController.swift in Sources */ = {isa = PBXBuildFile; fileRef = 0976B1BB2862545300420B42 /* LoginViewController.swift */; };
		0976B1BE2862548E00420B42 /* LoginView.swift in Sources */ = {isa = PBXBuildFile; fileRef = 0976B1BD2862548E00420B42 /* LoginView.swift */; };
		0976B1C1286254B300420B42 /* LoginViewModel.swift in Sources */ = {isa = PBXBuildFile; fileRef = 0976B1C0286254B300420B42 /* LoginViewModel.swift */; };
		0976B1C328625D0A00420B42 /* LoginBaseView.swift in Sources */ = {isa = PBXBuildFile; fileRef = 0976B1C228625D0A00420B42 /* LoginBaseView.swift */; };
		0976B1C528625D8400420B42 /* RegistrationView.swift in Sources */ = {isa = PBXBuildFile; fileRef = 0976B1C428625D8400420B42 /* RegistrationView.swift */; };
		097E15AD2860F0B9002355F7 /* List+.swift in Sources */ = {isa = PBXBuildFile; fileRef = 097E15AC2860F0B9002355F7 /* List+.swift */; };
		097E15B02860F89C002355F7 /* SelectRouteViewController.swift in Sources */ = {isa = PBXBuildFile; fileRef = 097E15AF2860F89C002355F7 /* SelectRouteViewController.swift */; };
		097E15B32860F8AF002355F7 /* SelectRouteView.swift in Sources */ = {isa = PBXBuildFile; fileRef = 097E15B22860F8AF002355F7 /* SelectRouteView.swift */; };
		097E15B728610767002355F7 /* RowOfRouteData.swift in Sources */ = {isa = PBXBuildFile; fileRef = 097E15B628610767002355F7 /* RowOfRouteData.swift */; };
		0982F776285DCBE700FB1112 /* MapView.swift in Sources */ = {isa = PBXBuildFile; fileRef = 0982F775285DCBE700FB1112 /* MapView.swift */; };
		0991DF1F285E4EB300C098DA /* UIView+.swift in Sources */ = {isa = PBXBuildFile; fileRef = 0991DF1E285E4EB300C098DA /* UIView+.swift */; };
		0991DF22285E4F7300C098DA /* Localizable.strings in Resources */ = {isa = PBXBuildFile; fileRef = 0991DF24285E4F7300C098DA /* Localizable.strings */; };
		0991DF2A285E513800C098DA /* LocalizedStrings.swift in Sources */ = {isa = PBXBuildFile; fileRef = 0991DF29285E513800C098DA /* LocalizedStrings.swift */; };
		09A19BFA28311237001440CA /* AppDelegate.swift in Sources */ = {isa = PBXBuildFile; fileRef = 09A19BF928311237001440CA /* AppDelegate.swift */; };
		09A19BFC28311237001440CA /* SceneDelegate.swift in Sources */ = {isa = PBXBuildFile; fileRef = 09A19BFB28311237001440CA /* SceneDelegate.swift */; };
		09A19BFE28311237001440CA /* MapViewController.swift in Sources */ = {isa = PBXBuildFile; fileRef = 09A19BFD28311237001440CA /* MapViewController.swift */; };
		09A19C0328311239001440CA /* Assets.xcassets in Resources */ = {isa = PBXBuildFile; fileRef = 09A19C0228311239001440CA /* Assets.xcassets */; };
		09A19C0628311239001440CA /* LaunchScreen.storyboard in Resources */ = {isa = PBXBuildFile; fileRef = 09A19C0428311239001440CA /* LaunchScreen.storyboard */; };
		09A48B9A285E552200CC2993 /* String+.swift in Sources */ = {isa = PBXBuildFile; fileRef = 09A48B99285E552200CC2993 /* String+.swift */; };
		09BE18CF285FB77F00772BC0 /* RoutesViewModel.swift in Sources */ = {isa = PBXBuildFile; fileRef = 09BE18CE285FB77F00772BC0 /* RoutesViewModel.swift */; };
		09D907A9285F873E00F1EAC6 /* RoutesView.swift in Sources */ = {isa = PBXBuildFile; fileRef = 09D907A8285F873E00F1EAC6 /* RoutesView.swift */; };
		09D907AB285F874D00F1EAC6 /* RoutesViewController.swift in Sources */ = {isa = PBXBuildFile; fileRef = 09D907AA285F874D00F1EAC6 /* RoutesViewController.swift */; };
		09D907AD285F88C200F1EAC6 /* Results+.swift in Sources */ = {isa = PBXBuildFile; fileRef = 09D907AC285F88C200F1EAC6 /* Results+.swift */; };
		09D907B0285F9E7200F1EAC6 /* AppRouter.swift in Sources */ = {isa = PBXBuildFile; fileRef = 09D907AF285F9E7200F1EAC6 /* AppRouter.swift */; };
		09E1EFF4285E5BC40082F2E1 /* MapViewModel.swift in Sources */ = {isa = PBXBuildFile; fileRef = 09E1EFF3285E5BC40082F2E1 /* MapViewModel.swift */; };
		09ECF1C6285DFD05007B6BAC /* RealmManager.swift in Sources */ = {isa = PBXBuildFile; fileRef = 09ECF1C5285DFD05007B6BAC /* RealmManager.swift */; };
		09ECF1C9285DFDCB007B6BAC /* Location.swift in Sources */ = {isa = PBXBuildFile; fileRef = 09ECF1C8285DFDCB007B6BAC /* Location.swift */; };
		09ECF1CD285E0E67007B6BAC /* Route.swift in Sources */ = {isa = PBXBuildFile; fileRef = 09ECF1CC285E0E67007B6BAC /* Route.swift */; };
		4425868E5AC452DEC6DA483F /* Pods_MapExplorer.framework in Frameworks */ = {isa = PBXBuildFile; fileRef = 06BC8E54C4EB5C3ADAF2590D /* Pods_MapExplorer.framework */; };
/* End PBXBuildFile section */

/* Begin PBXFileReference section */
		06BC8E54C4EB5C3ADAF2590D /* Pods_MapExplorer.framework */ = {isa = PBXFileReference; explicitFileType = wrapper.framework; includeInIndex = 0; path = Pods_MapExplorer.framework; sourceTree = BUILT_PRODUCTS_DIR; };
		0913FEA128311BFB00426BB2 /* MapKit.framework */ = {isa = PBXFileReference; lastKnownFileType = wrapper.framework; name = MapKit.framework; path = System/Library/Frameworks/MapKit.framework; sourceTree = SDKROOT; };
		0915B330286CAE770053D559 /* AppConstants.swift */ = {isa = PBXFileReference; lastKnownFileType = sourcecode.swift; path = AppConstants.swift; sourceTree = "<group>"; };
		093542AF285E6F4E0023F5BD /* Button.swift */ = {isa = PBXFileReference; lastKnownFileType = sourcecode.swift; path = Button.swift; sourceTree = "<group>"; };
		093542B1285E72060023F5BD /* UIStackView+.swift */ = {isa = PBXFileReference; lastKnownFileType = sourcecode.swift; path = "UIStackView+.swift"; sourceTree = "<group>"; };
		094C9C232867052C002A28DA /* User.swift */ = {isa = PBXFileReference; lastKnownFileType = sourcecode.swift; path = User.swift; sourceTree = "<group>"; };
		094C9C2528670D3A002A28DA /* RegistrationViewController.swift */ = {isa = PBXFileReference; lastKnownFileType = sourcecode.swift; path = RegistrationViewController.swift; sourceTree = "<group>"; };
		094C9C2828670D4C002A28DA /* RegistrationViewModel.swift */ = {isa = PBXFileReference; lastKnownFileType = sourcecode.swift; path = RegistrationViewModel.swift; sourceTree = "<group>"; };
		0963ED1D285F68DE00B53E78 /* UIVIewController+.swift */ = {isa = PBXFileReference; lastKnownFileType = sourcecode.swift; path = "UIVIewController+.swift"; sourceTree = "<group>"; };
		0976B1BB2862545300420B42 /* LoginViewController.swift */ = {isa = PBXFileReference; lastKnownFileType = sourcecode.swift; path = LoginViewController.swift; sourceTree = "<group>"; };
		0976B1BD2862548E00420B42 /* LoginView.swift */ = {isa = PBXFileReference; lastKnownFileType = sourcecode.swift; path = LoginView.swift; sourceTree = "<group>"; };
		0976B1C0286254B300420B42 /* LoginViewModel.swift */ = {isa = PBXFileReference; lastKnownFileType = sourcecode.swift; path = LoginViewModel.swift; sourceTree = "<group>"; };
		0976B1C228625D0A00420B42 /* LoginBaseView.swift */ = {isa = PBXFileReference; lastKnownFileType = sourcecode.swift; path = LoginBaseView.swift; sourceTree = "<group>"; };
		0976B1C428625D8400420B42 /* RegistrationView.swift */ = {isa = PBXFileReference; lastKnownFileType = sourcecode.swift; path = RegistrationView.swift; sourceTree = "<group>"; };
		097E15AC2860F0B9002355F7 /* List+.swift */ = {isa = PBXFileReference; lastKnownFileType = sourcecode.swift; path = "List+.swift"; sourceTree = "<group>"; };
		097E15AF2860F89C002355F7 /* SelectRouteViewController.swift */ = {isa = PBXFileReference; lastKnownFileType = sourcecode.swift; path = SelectRouteViewController.swift; sourceTree = "<group>"; };
		097E15B22860F8AF002355F7 /* SelectRouteView.swift */ = {isa = PBXFileReference; lastKnownFileType = sourcecode.swift; path = SelectRouteView.swift; sourceTree = "<group>"; };
		097E15B628610767002355F7 /* RowOfRouteData.swift */ = {isa = PBXFileReference; lastKnownFileType = sourcecode.swift; path = RowOfRouteData.swift; sourceTree = "<group>"; };
		0982F775285DCBE700FB1112 /* MapView.swift */ = {isa = PBXFileReference; lastKnownFileType = sourcecode.swift; path = MapView.swift; sourceTree = "<group>"; };
		0991DF1E285E4EB300C098DA /* UIView+.swift */ = {isa = PBXFileReference; lastKnownFileType = sourcecode.swift; path = "UIView+.swift"; sourceTree = "<group>"; };
		0991DF27285E503900C098DA /* ru */ = {isa = PBXFileReference; lastKnownFileType = text.plist.strings; name = ru; path = ru.lproj/LaunchScreen.strings; sourceTree = "<group>"; };
		0991DF28285E503900C098DA /* ru */ = {isa = PBXFileReference; lastKnownFileType = text.plist.strings; name = ru; path = ru.lproj/Localizable.strings; sourceTree = "<group>"; };
		0991DF29285E513800C098DA /* LocalizedStrings.swift */ = {isa = PBXFileReference; lastKnownFileType = sourcecode.swift; path = LocalizedStrings.swift; sourceTree = "<group>"; };
		0991DF2B285E54B800C098DA /* en */ = {isa = PBXFileReference; lastKnownFileType = text.plist.strings; name = en; path = en.lproj/Localizable.strings; sourceTree = "<group>"; };
		09A19BF628311237001440CA /* MapExplorer.app */ = {isa = PBXFileReference; explicitFileType = wrapper.application; includeInIndex = 0; path = MapExplorer.app; sourceTree = BUILT_PRODUCTS_DIR; };
		09A19BF928311237001440CA /* AppDelegate.swift */ = {isa = PBXFileReference; lastKnownFileType = sourcecode.swift; path = AppDelegate.swift; sourceTree = "<group>"; };
		09A19BFB28311237001440CA /* SceneDelegate.swift */ = {isa = PBXFileReference; lastKnownFileType = sourcecode.swift; path = SceneDelegate.swift; sourceTree = "<group>"; };
		09A19BFD28311237001440CA /* MapViewController.swift */ = {isa = PBXFileReference; lastKnownFileType = sourcecode.swift; path = MapViewController.swift; sourceTree = "<group>"; };
		09A19C0228311239001440CA /* Assets.xcassets */ = {isa = PBXFileReference; lastKnownFileType = folder.assetcatalog; path = Assets.xcassets; sourceTree = "<group>"; };
		09A19C0528311239001440CA /* Base */ = {isa = PBXFileReference; lastKnownFileType = file.storyboard; name = Base; path = Base.lproj/LaunchScreen.storyboard; sourceTree = "<group>"; };
		09A19C0728311239001440CA /* Info.plist */ = {isa = PBXFileReference; lastKnownFileType = text.plist.xml; path = Info.plist; sourceTree = "<group>"; };
		09A48B99285E552200CC2993 /* String+.swift */ = {isa = PBXFileReference; lastKnownFileType = sourcecode.swift; path = "String+.swift"; sourceTree = "<group>"; };
		09BE18CE285FB77F00772BC0 /* RoutesViewModel.swift */ = {isa = PBXFileReference; lastKnownFileType = sourcecode.swift; path = RoutesViewModel.swift; sourceTree = "<group>"; };
		09D907A8285F873E00F1EAC6 /* RoutesView.swift */ = {isa = PBXFileReference; lastKnownFileType = sourcecode.swift; path = RoutesView.swift; sourceTree = "<group>"; };
		09D907AA285F874D00F1EAC6 /* RoutesViewController.swift */ = {isa = PBXFileReference; lastKnownFileType = sourcecode.swift; path = RoutesViewController.swift; sourceTree = "<group>"; };
		09D907AC285F88C200F1EAC6 /* Results+.swift */ = {isa = PBXFileReference; lastKnownFileType = sourcecode.swift; path = "Results+.swift"; sourceTree = "<group>"; };
		09D907AF285F9E7200F1EAC6 /* AppRouter.swift */ = {isa = PBXFileReference; lastKnownFileType = sourcecode.swift; path = AppRouter.swift; sourceTree = "<group>"; };
		09E1EFF3285E5BC40082F2E1 /* MapViewModel.swift */ = {isa = PBXFileReference; lastKnownFileType = sourcecode.swift; path = MapViewModel.swift; sourceTree = "<group>"; };
		09ECF1C5285DFD05007B6BAC /* RealmManager.swift */ = {isa = PBXFileReference; lastKnownFileType = sourcecode.swift; path = RealmManager.swift; sourceTree = "<group>"; };
		09ECF1C8285DFDCB007B6BAC /* Location.swift */ = {isa = PBXFileReference; lastKnownFileType = sourcecode.swift; path = Location.swift; sourceTree = "<group>"; };
		09ECF1CC285E0E67007B6BAC /* Route.swift */ = {isa = PBXFileReference; lastKnownFileType = sourcecode.swift; path = Route.swift; sourceTree = "<group>"; };
		695B3535AC2E1C1629FA0FD4 /* Pods-MapExplorer.release.xcconfig */ = {isa = PBXFileReference; includeInIndex = 1; lastKnownFileType = text.xcconfig; name = "Pods-MapExplorer.release.xcconfig"; path = "Target Support Files/Pods-MapExplorer/Pods-MapExplorer.release.xcconfig"; sourceTree = "<group>"; };
		7E20EA102A91B92EDF315F89 /* Pods-MapExplorer.debug.xcconfig */ = {isa = PBXFileReference; includeInIndex = 1; lastKnownFileType = text.xcconfig; name = "Pods-MapExplorer.debug.xcconfig"; path = "Target Support Files/Pods-MapExplorer/Pods-MapExplorer.debug.xcconfig"; sourceTree = "<group>"; };
/* End PBXFileReference section */

/* Begin PBXFrameworksBuildPhase section */
		09A19BF328311237001440CA /* Frameworks */ = {
			isa = PBXFrameworksBuildPhase;
			buildActionMask = 2147483647;
			files = (
				0913FEA228311BFB00426BB2 /* MapKit.framework in Frameworks */,
				4425868E5AC452DEC6DA483F /* Pods_MapExplorer.framework in Frameworks */,
			);
			runOnlyForDeploymentPostprocessing = 0;
		};
/* End PBXFrameworksBuildPhase section */

/* Begin PBXGroup section */
		0858A458E7AA60819BCBCEB0 /* Frameworks */ = {
			isa = PBXGroup;
			children = (
				0913FEA128311BFB00426BB2 /* MapKit.framework */,
				06BC8E54C4EB5C3ADAF2590D /* Pods_MapExplorer.framework */,
			);
			name = Frameworks;
			sourceTree = "<group>";
		};
		093542AE285E6F1A0023F5BD /* Components */ = {
			isa = PBXGroup;
			children = (
				093542AF285E6F4E0023F5BD /* Button.swift */,
			);
			path = Components;
			sourceTree = "<group>";
		};
		094C9C2728670D3D002A28DA /* View */ = {
			isa = PBXGroup;
			children = (
				0976B1C428625D8400420B42 /* RegistrationView.swift */,
			);
			path = View;
			sourceTree = "<group>";
		};
		094C9C2A28671E99002A28DA /* RealmModels */ = {
			isa = PBXGroup;
			children = (
				09ECF1CC285E0E67007B6BAC /* Route.swift */,
				09ECF1C8285DFDCB007B6BAC /* Location.swift */,
				094C9C232867052C002A28DA /* User.swift */,
			);
			path = RealmModels;
			sourceTree = "<group>";
		};
		0965020C1F295A94575E1CE9 /* Pods */ = {
			isa = PBXGroup;
			children = (
				7E20EA102A91B92EDF315F89 /* Pods-MapExplorer.debug.xcconfig */,
				695B3535AC2E1C1629FA0FD4 /* Pods-MapExplorer.release.xcconfig */,
			);
			path = Pods;
			sourceTree = "<group>";
		};
		0976B1BA2862543D00420B42 /* Login */ = {
			isa = PBXGroup;
			children = (
				0976B1BF2862549000420B42 /* View */,
				0976B1BB2862545300420B42 /* LoginViewController.swift */,
				0976B1C0286254B300420B42 /* LoginViewModel.swift */,
			);
			path = Login;
			sourceTree = "<group>";
		};
		0976B1BF2862549000420B42 /* View */ = {
			isa = PBXGroup;
			children = (
				0976B1BD2862548E00420B42 /* LoginView.swift */,
			);
			path = View;
			sourceTree = "<group>";
		};
		097E15AE2860F882002355F7 /* SelectRoute */ = {
			isa = PBXGroup;
			children = (
				097E15B12860F89F002355F7 /* View */,
				097E15AF2860F89C002355F7 /* SelectRouteViewController.swift */,
			);
			name = SelectRoute;
			sourceTree = "<group>";
		};
		097E15B12860F89F002355F7 /* View */ = {
			isa = PBXGroup;
			children = (
				097E15B22860F8AF002355F7 /* SelectRouteView.swift */,
			);
			path = View;
			sourceTree = "<group>";
		};
		0982F777285DCBFB00FB1112 /* AppDelegates */ = {
			isa = PBXGroup;
			children = (
				09A19BF928311237001440CA /* AppDelegate.swift */,
				09A19BFB28311237001440CA /* SceneDelegate.swift */,
			);
			path = AppDelegates;
			sourceTree = "<group>";
		};
		0982F778285DCC0400FB1112 /* Flows */ = {
			isa = PBXGroup;
			children = (
				09E27AFD28663CAF00E8A4FD /* BaseView */,
				0976B1BA2862543D00420B42 /* Login */,
				09E27AFC28663C6700E8A4FD /* Registration */,
				0982F779285DCC0F00FB1112 /* Map */,
				09D907A7285F873000F1EAC6 /* Routes */,
				097E15AE2860F882002355F7 /* SelectRoute */,
			);
			path = Flows;
			sourceTree = "<group>";
		};
		0982F779285DCC0F00FB1112 /* Map */ = {
			isa = PBXGroup;
			children = (
				09E1EFF5285E603F0082F2E1 /* View */,
				09A19BFD28311237001440CA /* MapViewController.swift */,
				09E1EFF3285E5BC40082F2E1 /* MapViewModel.swift */,
			);
			path = Map;
			sourceTree = "<group>";
		};
		0982F77A285DD5B100FB1112 /* Resources */ = {
			isa = PBXGroup;
			children = (
				09A19C0228311239001440CA /* Assets.xcassets */,
				09A19C0428311239001440CA /* LaunchScreen.storyboard */,
				09A19C0728311239001440CA /* Info.plist */,
				0991DF24285E4F7300C098DA /* Localizable.strings */,
				0991DF29285E513800C098DA /* LocalizedStrings.swift */,
			);
			path = Resources;
			sourceTree = "<group>";
		};
		0991DF1C285E4E9900C098DA /* Core */ = {
			isa = PBXGroup;
			children = (
				0915B330286CAE770053D559 /* AppConstants.swift */,
				093542AE285E6F1A0023F5BD /* Components */,
				0991DF1D285E4EA500C098DA /* Extensions */,
			);
			path = Core;
			sourceTree = "<group>";
		};
		0991DF1D285E4EA500C098DA /* Extensions */ = {
			isa = PBXGroup;
			children = (
				0991DF1E285E4EB300C098DA /* UIView+.swift */,
				09A48B99285E552200CC2993 /* String+.swift */,
				093542B1285E72060023F5BD /* UIStackView+.swift */,
				0963ED1D285F68DE00B53E78 /* UIVIewController+.swift */,
				09D907AC285F88C200F1EAC6 /* Results+.swift */,
				097E15AC2860F0B9002355F7 /* List+.swift */,
			);
			path = Extensions;
			sourceTree = "<group>";
		};
		09A19BED28311237001440CA = {
			isa = PBXGroup;
			children = (
				09A19BF828311237001440CA /* MapExplorer */,
				09A19BF728311237001440CA /* Products */,
				0965020C1F295A94575E1CE9 /* Pods */,
				0858A458E7AA60819BCBCEB0 /* Frameworks */,
			);
			sourceTree = "<group>";
		};
		09A19BF728311237001440CA /* Products */ = {
			isa = PBXGroup;
			children = (
				09A19BF628311237001440CA /* MapExplorer.app */,
			);
			name = Products;
			sourceTree = "<group>";
		};
		09A19BF828311237001440CA /* MapExplorer */ = {
			isa = PBXGroup;
			children = (
				0982F777285DCBFB00FB1112 /* AppDelegates */,
				09D907AE285F9E4200F1EAC6 /* Router */,
				0991DF1C285E4E9900C098DA /* Core */,
				09ECF1C3285DFCF4007B6BAC /* Services */,
				09ECF1C7285DFDBA007B6BAC /* Models */,
				0982F778285DCC0400FB1112 /* Flows */,
				0982F77A285DD5B100FB1112 /* Resources */,
			);
			path = MapExplorer;
			sourceTree = "<group>";
		};
		09BE18CC285FB76900772BC0 /* View */ = {
			isa = PBXGroup;
			children = (
				09D907A8285F873E00F1EAC6 /* RoutesView.swift */,
			);
			path = View;
			sourceTree = "<group>";
		};
		09D907A7285F873000F1EAC6 /* Routes */ = {
			isa = PBXGroup;
			children = (
				09BE18CC285FB76900772BC0 /* View */,
				09D907AA285F874D00F1EAC6 /* RoutesViewController.swift */,
				09BE18CE285FB77F00772BC0 /* RoutesViewModel.swift */,
			);
			path = Routes;
			sourceTree = "<group>";
		};
		09D907AE285F9E4200F1EAC6 /* Router */ = {
			isa = PBXGroup;
			children = (
				09D907AF285F9E7200F1EAC6 /* AppRouter.swift */,
			);
			path = Router;
			sourceTree = "<group>";
		};
		09E1EFF5285E603F0082F2E1 /* View */ = {
			isa = PBXGroup;
			children = (
				0982F775285DCBE700FB1112 /* MapView.swift */,
			);
			path = View;
			sourceTree = "<group>";
		};
		09E27AFC28663C6700E8A4FD /* Registration */ = {
			isa = PBXGroup;
			children = (
				094C9C2728670D3D002A28DA /* View */,
				094C9C2528670D3A002A28DA /* RegistrationViewController.swift */,
				094C9C2828670D4C002A28DA /* RegistrationViewModel.swift */,
			);
			path = Registration;
			sourceTree = "<group>";
		};
		09E27AFD28663CAF00E8A4FD /* BaseView */ = {
			isa = PBXGroup;
			children = (
				0976B1C228625D0A00420B42 /* LoginBaseView.swift */,
			);
			path = BaseView;
			sourceTree = "<group>";
		};
		09ECF1C3285DFCF4007B6BAC /* Services */ = {
			isa = PBXGroup;
			children = (
				09ECF1C5285DFD05007B6BAC /* RealmManager.swift */,
			);
			path = Services;
			sourceTree = "<group>";
		};
		09ECF1C7285DFDBA007B6BAC /* Models */ = {
			isa = PBXGroup;
			children = (
				094C9C2A28671E99002A28DA /* RealmModels */,
				097E15B628610767002355F7 /* RowOfRouteData.swift */,
			);
			path = Models;
			sourceTree = "<group>";
		};
/* End PBXGroup section */

/* Begin PBXNativeTarget section */
		09A19BF528311237001440CA /* MapExplorer */ = {
			isa = PBXNativeTarget;
			buildConfigurationList = 09A19C0A28311239001440CA /* Build configuration list for PBXNativeTarget "MapExplorer" */;
			buildPhases = (
				E15FA72FD42FF8BECA495A83 /* [CP] Check Pods Manifest.lock */,
				09A19BF228311237001440CA /* Sources */,
				09A19BF328311237001440CA /* Frameworks */,
				09A19BF428311237001440CA /* Resources */,
				FA559F82A380C485E789F4F8 /* [CP] Embed Pods Frameworks */,
				7E9D391A563250C706AD92CC /* [CP] Copy Pods Resources */,
			);
			buildRules = (
			);
			dependencies = (
			);
			name = MapExplorer;
			productName = MapExplorer;
			productReference = 09A19BF628311237001440CA /* MapExplorer.app */;
			productType = "com.apple.product-type.application";
		};
/* End PBXNativeTarget section */

/* Begin PBXProject section */
		09A19BEE28311237001440CA /* Project object */ = {
			isa = PBXProject;
			attributes = {
				BuildIndependentTargetsInParallel = 1;
				LastSwiftUpdateCheck = 1320;
				LastUpgradeCheck = 1320;
				TargetAttributes = {
					09A19BF528311237001440CA = {
						CreatedOnToolsVersion = 13.2.1;
					};
				};
			};
			buildConfigurationList = 09A19BF128311237001440CA /* Build configuration list for PBXProject "MapExplorer" */;
			compatibilityVersion = "Xcode 13.0";
			developmentRegion = en;
			hasScannedForEncodings = 0;
			knownRegions = (
				en,
				Base,
				ru,
			);
			mainGroup = 09A19BED28311237001440CA;
			packageReferences = (
			);
			productRefGroup = 09A19BF728311237001440CA /* Products */;
			projectDirPath = "";
			projectRoot = "";
			targets = (
				09A19BF528311237001440CA /* MapExplorer */,
			);
		};
/* End PBXProject section */

/* Begin PBXResourcesBuildPhase section */
		09A19BF428311237001440CA /* Resources */ = {
			isa = PBXResourcesBuildPhase;
			buildActionMask = 2147483647;
			files = (
				09A19C0628311239001440CA /* LaunchScreen.storyboard in Resources */,
				0991DF22285E4F7300C098DA /* Localizable.strings in Resources */,
				09A19C0328311239001440CA /* Assets.xcassets in Resources */,
			);
			runOnlyForDeploymentPostprocessing = 0;
		};
/* End PBXResourcesBuildPhase section */

/* Begin PBXShellScriptBuildPhase section */
		7E9D391A563250C706AD92CC /* [CP] Copy Pods Resources */ = {
			isa = PBXShellScriptBuildPhase;
			buildActionMask = 2147483647;
			files = (
			);
			inputFileListPaths = (
				"${PODS_ROOT}/Target Support Files/Pods-MapExplorer/Pods-MapExplorer-resources-${CONFIGURATION}-input-files.xcfilelist",
			);
			name = "[CP] Copy Pods Resources";
			outputFileListPaths = (
				"${PODS_ROOT}/Target Support Files/Pods-MapExplorer/Pods-MapExplorer-resources-${CONFIGURATION}-output-files.xcfilelist",
			);
			runOnlyForDeploymentPostprocessing = 0;
			shellPath = /bin/sh;
			shellScript = "\"${PODS_ROOT}/Target Support Files/Pods-MapExplorer/Pods-MapExplorer-resources.sh\"\n";
			showEnvVarsInLog = 0;
		};
		E15FA72FD42FF8BECA495A83 /* [CP] Check Pods Manifest.lock */ = {
			isa = PBXShellScriptBuildPhase;
			buildActionMask = 2147483647;
			files = (
			);
			inputFileListPaths = (
			);
			inputPaths = (
				"${PODS_PODFILE_DIR_PATH}/Podfile.lock",
				"${PODS_ROOT}/Manifest.lock",
			);
			name = "[CP] Check Pods Manifest.lock";
			outputFileListPaths = (
			);
			outputPaths = (
				"$(DERIVED_FILE_DIR)/Pods-MapExplorer-checkManifestLockResult.txt",
			);
			runOnlyForDeploymentPostprocessing = 0;
			shellPath = /bin/sh;
			shellScript = "diff \"${PODS_PODFILE_DIR_PATH}/Podfile.lock\" \"${PODS_ROOT}/Manifest.lock\" > /dev/null\nif [ $? != 0 ] ; then\n    # print error to STDERR\n    echo \"error: The sandbox is not in sync with the Podfile.lock. Run 'pod install' or update your CocoaPods installation.\" >&2\n    exit 1\nfi\n# This output is used by Xcode 'outputs' to avoid re-running this script phase.\necho \"SUCCESS\" > \"${SCRIPT_OUTPUT_FILE_0}\"\n";
			showEnvVarsInLog = 0;
		};
		FA559F82A380C485E789F4F8 /* [CP] Embed Pods Frameworks */ = {
			isa = PBXShellScriptBuildPhase;
			buildActionMask = 2147483647;
			files = (
			);
			inputFileListPaths = (
				"${PODS_ROOT}/Target Support Files/Pods-MapExplorer/Pods-MapExplorer-frameworks-${CONFIGURATION}-input-files.xcfilelist",
			);
			name = "[CP] Embed Pods Frameworks";
			outputFileListPaths = (
				"${PODS_ROOT}/Target Support Files/Pods-MapExplorer/Pods-MapExplorer-frameworks-${CONFIGURATION}-output-files.xcfilelist",
			);
			runOnlyForDeploymentPostprocessing = 0;
			shellPath = /bin/sh;
			shellScript = "\"${PODS_ROOT}/Target Support Files/Pods-MapExplorer/Pods-MapExplorer-frameworks.sh\"\n";
			showEnvVarsInLog = 0;
		};
/* End PBXShellScriptBuildPhase section */

/* Begin PBXSourcesBuildPhase section */
		09A19BF228311237001440CA /* Sources */ = {
			isa = PBXSourcesBuildPhase;
			buildActionMask = 2147483647;
			files = (
				09A19BFE28311237001440CA /* MapViewController.swift in Sources */,
				094C9C2928670D4C002A28DA /* RegistrationViewModel.swift in Sources */,
				097E15AD2860F0B9002355F7 /* List+.swift in Sources */,
				093542B0285E6F4E0023F5BD /* Button.swift in Sources */,
				0976B1C528625D8400420B42 /* RegistrationView.swift in Sources */,
				0982F776285DCBE700FB1112 /* MapView.swift in Sources */,
				0976B1C328625D0A00420B42 /* LoginBaseView.swift in Sources */,
				09A48B9A285E552200CC2993 /* String+.swift in Sources */,
				0991DF1F285E4EB300C098DA /* UIView+.swift in Sources */,
				094C9C242867052C002A28DA /* User.swift in Sources */,
				097E15B32860F8AF002355F7 /* SelectRouteView.swift in Sources */,
				09ECF1C6285DFD05007B6BAC /* RealmManager.swift in Sources */,
				0976B1C1286254B300420B42 /* LoginViewModel.swift in Sources */,
				09D907AD285F88C200F1EAC6 /* Results+.swift in Sources */,
				09A19BFA28311237001440CA /* AppDelegate.swift in Sources */,
				097E15B02860F89C002355F7 /* SelectRouteViewController.swift in Sources */,
				09D907B0285F9E7200F1EAC6 /* AppRouter.swift in Sources */,
				0976B1BC2862545300420B42 /* LoginViewController.swift in Sources */,
				0976B1BE2862548E00420B42 /* LoginView.swift in Sources */,
				093542B2285E72060023F5BD /* UIStackView+.swift in Sources */,
				09BE18CF285FB77F00772BC0 /* RoutesViewModel.swift in Sources */,
				09D907A9285F873E00F1EAC6 /* RoutesView.swift in Sources */,
				09E1EFF4285E5BC40082F2E1 /* MapViewModel.swift in Sources */,
				09ECF1C9285DFDCB007B6BAC /* Location.swift in Sources */,
				0963ED1E285F68DF00B53E78 /* UIVIewController+.swift in Sources */,
				094C9C2628670D3A002A28DA /* RegistrationViewController.swift in Sources */,
				09ECF1CD285E0E67007B6BAC /* Route.swift in Sources */,
				0991DF2A285E513800C098DA /* LocalizedStrings.swift in Sources */,
				09D907AB285F874D00F1EAC6 /* RoutesViewController.swift in Sources */,
				097E15B728610767002355F7 /* RowOfRouteData.swift in Sources */,
				0915B331286CAE770053D559 /* AppConstants.swift in Sources */,
				09A19BFC28311237001440CA /* SceneDelegate.swift in Sources */,
			);
			runOnlyForDeploymentPostprocessing = 0;
		};
/* End PBXSourcesBuildPhase section */

/* Begin PBXVariantGroup section */
		0991DF24285E4F7300C098DA /* Localizable.strings */ = {
			isa = PBXVariantGroup;
			children = (
				0991DF28285E503900C098DA /* ru */,
				0991DF2B285E54B800C098DA /* en */,
			);
			name = Localizable.strings;
			sourceTree = "<group>";
		};
		09A19C0428311239001440CA /* LaunchScreen.storyboard */ = {
			isa = PBXVariantGroup;
			children = (
				09A19C0528311239001440CA /* Base */,
				0991DF27285E503900C098DA /* ru */,
			);
			name = LaunchScreen.storyboard;
			sourceTree = "<group>";
		};
/* End PBXVariantGroup section */

/* Begin XCBuildConfiguration section */
		09A19C0828311239001440CA /* Debug */ = {
			isa = XCBuildConfiguration;
			buildSettings = {
				ALWAYS_SEARCH_USER_PATHS = NO;
				CLANG_ANALYZER_LOCALIZABILITY_NONLOCALIZED = YES;
				CLANG_ANALYZER_NONNULL = YES;
				CLANG_ANALYZER_NUMBER_OBJECT_CONVERSION = YES_AGGRESSIVE;
				CLANG_CXX_LANGUAGE_STANDARD = "gnu++17";
				CLANG_CXX_LIBRARY = "libc++";
				CLANG_ENABLE_MODULES = YES;
				CLANG_ENABLE_OBJC_ARC = YES;
				CLANG_ENABLE_OBJC_WEAK = YES;
				CLANG_WARN_BLOCK_CAPTURE_AUTORELEASING = YES;
				CLANG_WARN_BOOL_CONVERSION = YES;
				CLANG_WARN_COMMA = YES;
				CLANG_WARN_CONSTANT_CONVERSION = YES;
				CLANG_WARN_DEPRECATED_OBJC_IMPLEMENTATIONS = YES;
				CLANG_WARN_DIRECT_OBJC_ISA_USAGE = YES_ERROR;
				CLANG_WARN_DOCUMENTATION_COMMENTS = YES;
				CLANG_WARN_EMPTY_BODY = YES;
				CLANG_WARN_ENUM_CONVERSION = YES;
				CLANG_WARN_INFINITE_RECURSION = YES;
				CLANG_WARN_INT_CONVERSION = YES;
				CLANG_WARN_NON_LITERAL_NULL_CONVERSION = YES;
				CLANG_WARN_OBJC_IMPLICIT_RETAIN_SELF = YES;
				CLANG_WARN_OBJC_LITERAL_CONVERSION = YES;
				CLANG_WARN_OBJC_ROOT_CLASS = YES_ERROR;
				CLANG_WARN_QUOTED_INCLUDE_IN_FRAMEWORK_HEADER = YES;
				CLANG_WARN_RANGE_LOOP_ANALYSIS = YES;
				CLANG_WARN_STRICT_PROTOTYPES = YES;
				CLANG_WARN_SUSPICIOUS_MOVE = YES;
				CLANG_WARN_UNGUARDED_AVAILABILITY = YES_AGGRESSIVE;
				CLANG_WARN_UNREACHABLE_CODE = YES;
				CLANG_WARN__DUPLICATE_METHOD_MATCH = YES;
				COPY_PHASE_STRIP = NO;
				DEBUG_INFORMATION_FORMAT = dwarf;
				ENABLE_STRICT_OBJC_MSGSEND = YES;
				ENABLE_TESTABILITY = YES;
				GCC_C_LANGUAGE_STANDARD = gnu11;
				GCC_DYNAMIC_NO_PIC = NO;
				GCC_NO_COMMON_BLOCKS = YES;
				GCC_OPTIMIZATION_LEVEL = 0;
				GCC_PREPROCESSOR_DEFINITIONS = (
					"DEBUG=1",
					"$(inherited)",
				);
				GCC_WARN_64_TO_32_BIT_CONVERSION = YES;
				GCC_WARN_ABOUT_RETURN_TYPE = YES_ERROR;
				GCC_WARN_UNDECLARED_SELECTOR = YES;
				GCC_WARN_UNINITIALIZED_AUTOS = YES_AGGRESSIVE;
				GCC_WARN_UNUSED_FUNCTION = YES;
				GCC_WARN_UNUSED_VARIABLE = YES;
				IPHONEOS_DEPLOYMENT_TARGET = 15.2;
				MTL_ENABLE_DEBUG_INFO = INCLUDE_SOURCE;
				MTL_FAST_MATH = YES;
				ONLY_ACTIVE_ARCH = YES;
				SDKROOT = iphoneos;
				SWIFT_ACTIVE_COMPILATION_CONDITIONS = DEBUG;
				SWIFT_OPTIMIZATION_LEVEL = "-Onone";
			};
			name = Debug;
		};
		09A19C0928311239001440CA /* Release */ = {
			isa = XCBuildConfiguration;
			buildSettings = {
				ALWAYS_SEARCH_USER_PATHS = NO;
				CLANG_ANALYZER_LOCALIZABILITY_NONLOCALIZED = YES;
				CLANG_ANALYZER_NONNULL = YES;
				CLANG_ANALYZER_NUMBER_OBJECT_CONVERSION = YES_AGGRESSIVE;
				CLANG_CXX_LANGUAGE_STANDARD = "gnu++17";
				CLANG_CXX_LIBRARY = "libc++";
				CLANG_ENABLE_MODULES = YES;
				CLANG_ENABLE_OBJC_ARC = YES;
				CLANG_ENABLE_OBJC_WEAK = YES;
				CLANG_WARN_BLOCK_CAPTURE_AUTORELEASING = YES;
				CLANG_WARN_BOOL_CONVERSION = YES;
				CLANG_WARN_COMMA = YES;
				CLANG_WARN_CONSTANT_CONVERSION = YES;
				CLANG_WARN_DEPRECATED_OBJC_IMPLEMENTATIONS = YES;
				CLANG_WARN_DIRECT_OBJC_ISA_USAGE = YES_ERROR;
				CLANG_WARN_DOCUMENTATION_COMMENTS = YES;
				CLANG_WARN_EMPTY_BODY = YES;
				CLANG_WARN_ENUM_CONVERSION = YES;
				CLANG_WARN_INFINITE_RECURSION = YES;
				CLANG_WARN_INT_CONVERSION = YES;
				CLANG_WARN_NON_LITERAL_NULL_CONVERSION = YES;
				CLANG_WARN_OBJC_IMPLICIT_RETAIN_SELF = YES;
				CLANG_WARN_OBJC_LITERAL_CONVERSION = YES;
				CLANG_WARN_OBJC_ROOT_CLASS = YES_ERROR;
				CLANG_WARN_QUOTED_INCLUDE_IN_FRAMEWORK_HEADER = YES;
				CLANG_WARN_RANGE_LOOP_ANALYSIS = YES;
				CLANG_WARN_STRICT_PROTOTYPES = YES;
				CLANG_WARN_SUSPICIOUS_MOVE = YES;
				CLANG_WARN_UNGUARDED_AVAILABILITY = YES_AGGRESSIVE;
				CLANG_WARN_UNREACHABLE_CODE = YES;
				CLANG_WARN__DUPLICATE_METHOD_MATCH = YES;
				COPY_PHASE_STRIP = NO;
				DEBUG_INFORMATION_FORMAT = "dwarf-with-dsym";
				ENABLE_NS_ASSERTIONS = NO;
				ENABLE_STRICT_OBJC_MSGSEND = YES;
				GCC_C_LANGUAGE_STANDARD = gnu11;
				GCC_NO_COMMON_BLOCKS = YES;
				GCC_WARN_64_TO_32_BIT_CONVERSION = YES;
				GCC_WARN_ABOUT_RETURN_TYPE = YES_ERROR;
				GCC_WARN_UNDECLARED_SELECTOR = YES;
				GCC_WARN_UNINITIALIZED_AUTOS = YES_AGGRESSIVE;
				GCC_WARN_UNUSED_FUNCTION = YES;
				GCC_WARN_UNUSED_VARIABLE = YES;
				IPHONEOS_DEPLOYMENT_TARGET = 15.2;
				MTL_ENABLE_DEBUG_INFO = NO;
				MTL_FAST_MATH = YES;
				SDKROOT = iphoneos;
				SWIFT_COMPILATION_MODE = wholemodule;
				SWIFT_OPTIMIZATION_LEVEL = "-O";
				VALIDATE_PRODUCT = YES;
			};
			name = Release;
		};
		09A19C0B28311239001440CA /* Debug */ = {
			isa = XCBuildConfiguration;
			baseConfigurationReference = 7E20EA102A91B92EDF315F89 /* Pods-MapExplorer.debug.xcconfig */;
			buildSettings = {
				ASSETCATALOG_COMPILER_APPICON_NAME = AppIcon;
				ASSETCATALOG_COMPILER_GLOBAL_ACCENT_COLOR_NAME = AccentColor;
				CODE_SIGN_STYLE = Automatic;
				CURRENT_PROJECT_VERSION = 1;
				DEVELOPMENT_TEAM = K9HRPHZ76R;
				GENERATE_INFOPLIST_FILE = YES;
				INFOPLIST_FILE = MapExplorer/Resources/Info.plist;
				INFOPLIST_KEY_NSLocationWhenInUseUsageDescription = "Нужен доступ";
				INFOPLIST_KEY_UIApplicationSupportsIndirectInputEvents = YES;
				INFOPLIST_KEY_UILaunchStoryboardName = LaunchScreen;
				INFOPLIST_KEY_UISupportedInterfaceOrientations_iPad = "UIInterfaceOrientationPortrait UIInterfaceOrientationPortraitUpsideDown UIInterfaceOrientationLandscapeLeft UIInterfaceOrientationLandscapeRight";
				INFOPLIST_KEY_UISupportedInterfaceOrientations_iPhone = "UIInterfaceOrientationPortrait UIInterfaceOrientationLandscapeLeft UIInterfaceOrientationLandscapeRight";
				LD_RUNPATH_SEARCH_PATHS = (
					"$(inherited)",
					"@executable_path/Frameworks",
				);
				MARKETING_VERSION = 1.0;
				PRODUCT_BUNDLE_IDENTIFIER = ilyawtesti.MapExplorer;
				PRODUCT_NAME = "$(TARGET_NAME)";
				SWIFT_EMIT_LOC_STRINGS = YES;
				SWIFT_VERSION = 5.0;
				TARGETED_DEVICE_FAMILY = "1,2";
			};
			name = Debug;
		};
		09A19C0C28311239001440CA /* Release */ = {
			isa = XCBuildConfiguration;
			baseConfigurationReference = 695B3535AC2E1C1629FA0FD4 /* Pods-MapExplorer.release.xcconfig */;
			buildSettings = {
				ASSETCATALOG_COMPILER_APPICON_NAME = AppIcon;
				ASSETCATALOG_COMPILER_GLOBAL_ACCENT_COLOR_NAME = AccentColor;
				CODE_SIGN_STYLE = Automatic;
				CURRENT_PROJECT_VERSION = 1;
				DEVELOPMENT_TEAM = K9HRPHZ76R;
				GENERATE_INFOPLIST_FILE = YES;
				INFOPLIST_FILE = MapExplorer/Resources/Info.plist;
				INFOPLIST_KEY_NSLocationWhenInUseUsageDescription = "Нужен доступ";
				INFOPLIST_KEY_UIApplicationSupportsIndirectInputEvents = YES;
				INFOPLIST_KEY_UILaunchStoryboardName = LaunchScreen;
				INFOPLIST_KEY_UISupportedInterfaceOrientations_iPad = "UIInterfaceOrientationPortrait UIInterfaceOrientationPortraitUpsideDown UIInterfaceOrientationLandscapeLeft UIInterfaceOrientationLandscapeRight";
				INFOPLIST_KEY_UISupportedInterfaceOrientations_iPhone = "UIInterfaceOrientationPortrait UIInterfaceOrientationLandscapeLeft UIInterfaceOrientationLandscapeRight";
				LD_RUNPATH_SEARCH_PATHS = (
					"$(inherited)",
					"@executable_path/Frameworks",
				);
				MARKETING_VERSION = 1.0;
				PRODUCT_BUNDLE_IDENTIFIER = ilyawtesti.MapExplorer;
				PRODUCT_NAME = "$(TARGET_NAME)";
				SWIFT_EMIT_LOC_STRINGS = YES;
				SWIFT_VERSION = 5.0;
				TARGETED_DEVICE_FAMILY = "1,2";
			};
			name = Release;
		};
/* End XCBuildConfiguration section */

/* Begin XCConfigurationList section */
		09A19BF128311237001440CA /* Build configuration list for PBXProject "MapExplorer" */ = {
			isa = XCConfigurationList;
			buildConfigurations = (
				09A19C0828311239001440CA /* Debug */,
				09A19C0928311239001440CA /* Release */,
			);
			defaultConfigurationIsVisible = 0;
			defaultConfigurationName = Release;
		};
		09A19C0A28311239001440CA /* Build configuration list for PBXNativeTarget "MapExplorer" */ = {
			isa = XCConfigurationList;
			buildConfigurations = (
				09A19C0B28311239001440CA /* Debug */,
				09A19C0C28311239001440CA /* Release */,
			);
			defaultConfigurationIsVisible = 0;
			defaultConfigurationName = Release;
		};
/* End XCConfigurationList section */
	};
	rootObject = 09A19BEE28311237001440CA /* Project object */;
}
